
Microsoft Visual Studio Solution File, Format Version 12.00
# Visual Studio Version 17
VisualStudioVersion = 17.5.33530.505
MinimumVisualStudioVersion = 10.0.40219.1
Project("{FAE04EC0-301F-11D3-BF4B-00C04F79EFBC}") = "Queue", "Queue\Queue.csproj", "{B913F5B6-DFC9-40B2-B167-9726E441C268}"
EndProject
Global
	GlobalSection(SolutionConfigurationPlatforms) = preSolution
		Debug|Any CPU = Debug|Any CPU
		Release|Any CPU = Release|Any CPU
	EndGlobalSection
	GlobalSection(ProjectConfigurationPlatforms) = postSolution
		{B913F5B6-DFC9-40B2-B167-9726E441C268}.Debug|Any CPU.ActiveCfg = Debug|Any CPU
		{B913F5B6-DFC9-40B2-B167-9726E441C268}.Debug|Any CPU.Build.0 = Debug|Any CPU
		{B913F5B6-DFC9-40B2-B167-9726E441C268}.Release|Any CPU.ActiveCfg = Release|Any CPU
		{B913F5B6-DFC9-40B2-B167-9726E441C268}.Release|Any CPU.Build.0 = Release|Any CPU
	EndGlobalSection
	GlobalSection(SolutionProperties) = preSolution
		HideSolutionNode = FALSE
	EndGlobalSection
	GlobalSection(ExtensibilityGlobals) = postSolution
		SolutionGuid = {176E5D83-3E77-48CD-B0BF-C2367C09B94F}
	EndGlobalSection
EndGlobal
